// !$*UTF8*$!
{
	archiveVersion = 1;
	classes = {
	};
	objectVersion = 56;
	objects = {

/* Begin PBXBuildFile section */
		FB4CD7AB2D97509D00899B3A /* MediappApp.swift in Sources */ = {isa = PBXBuildFile; fileRef = FB4CD7AA2D97509D00899B3A /* MediappApp.swift */; };
		FB4CD7AD2D97509D00899B3A /* ContentView.swift in Sources */ = {isa = PBXBuildFile; fileRef = FB4CD7AC2D97509D00899B3A /* ContentView.swift */; };
		FB4CD7AF2D97509F00899B3A /* Assets.xcassets in Resources */ = {isa = PBXBuildFile; fileRef = FB4CD7AE2D97509F00899B3A /* Assets.xcassets */; };
		FB4CD7B22D97509F00899B3A /* Preview Assets.xcassets in Resources */ = {isa = PBXBuildFile; fileRef = FB4CD7B12D97509F00899B3A /* Preview Assets.xcassets */; };
		FB4CD7BC2D97509F00899B3A /* MediappTests.swift in Sources */ = {isa = PBXBuildFile; fileRef = FB4CD7BB2D97509F00899B3A /* MediappTests.swift */; };
		FB4CD7C62D97509F00899B3A /* MediappUITests.swift in Sources */ = {isa = PBXBuildFile; fileRef = FB4CD7C52D97509F00899B3A /* MediappUITests.swift */; };
		FB4CD7C82D97509F00899B3A /* MediappUITestsLaunchTests.swift in Sources */ = {isa = PBXBuildFile; fileRef = FB4CD7C72D97509F00899B3A /* MediappUITestsLaunchTests.swift */; };
		FB4CD7D52D97510F00899B3A /* MedicationReminderView.swift in Sources */ = {isa = PBXBuildFile; fileRef = FB4CD7D42D97510F00899B3A /* MedicationReminderView.swift */; };
		FB4CD7D72D97650300899B3A /* NewAlarmView.swift in Sources */ = {isa = PBXBuildFile; fileRef = FB4CD7D62D97650300899B3A /* NewAlarmView.swift */; };
		FB4CD7D92D97685F00899B3A /* Medico.swift in Sources */ = {isa = PBXBuildFile; fileRef = FB4CD7D82D97685F00899B3A /* Medico.swift */; };
		FB4CD7DB2D976BBF00899B3A /* Signos.swift in Sources */ = {isa = PBXBuildFile; fileRef = FB4CD7DA2D976BBF00899B3A /* Signos.swift */; };
/* End PBXBuildFile section */

/* Begin PBXContainerItemProxy section */
		FB4CD7B82D97509F00899B3A /* PBXContainerItemProxy */ = {
			isa = PBXContainerItemProxy;
			containerPortal = FB4CD79F2D97509D00899B3A /* Project object */;
			proxyType = 1;
			remoteGlobalIDString = FB4CD7A62D97509D00899B3A;
			remoteInfo = Mediapp;
		};
		FB4CD7C22D97509F00899B3A /* PBXContainerItemProxy */ = {
			isa = PBXContainerItemProxy;
			containerPortal = FB4CD79F2D97509D00899B3A /* Project object */;
			proxyType = 1;
			remoteGlobalIDString = FB4CD7A62D97509D00899B3A;
			remoteInfo = Mediapp;
		};
/* End PBXContainerItemProxy section */

/* Begin PBXFileReference section */
		FB4CD7A72D97509D00899B3A /* Mediapp.app */ = {isa = PBXFileReference; explicitFileType = wrapper.application; includeInIndex = 0; path = Mediapp.app; sourceTree = BUILT_PRODUCTS_DIR; };
		FB4CD7AA2D97509D00899B3A /* MediappApp.swift */ = {isa = PBXFileReference; lastKnownFileType = sourcecode.swift; path = MediappApp.swift; sourceTree = "<group>"; };
		FB4CD7AC2D97509D00899B3A /* ContentView.swift */ = {isa = PBXFileReference; lastKnownFileType = sourcecode.swift; path = ContentView.swift; sourceTree = "<group>"; };
		FB4CD7AE2D97509F00899B3A /* Assets.xcassets */ = {isa = PBXFileReference; lastKnownFileType = folder.assetcatalog; path = Assets.xcassets; sourceTree = "<group>"; };
		FB4CD7B12D97509F00899B3A /* Preview Assets.xcassets */ = {isa = PBXFileReference; lastKnownFileType = folder.assetcatalog; path = "Preview Assets.xcassets"; sourceTree = "<group>"; };
		FB4CD7B72D97509F00899B3A /* MediappTests.xctest */ = {isa = PBXFileReference; explicitFileType = wrapper.cfbundle; includeInIndex = 0; path = MediappTests.xctest; sourceTree = BUILT_PRODUCTS_DIR; };
		FB4CD7BB2D97509F00899B3A /* MediappTests.swift */ = {isa = PBXFileReference; lastKnownFileType = sourcecode.swift; path = MediappTests.swift; sourceTree = "<group>"; };
		FB4CD7C12D97509F00899B3A /* MediappUITests.xctest */ = {isa = PBXFileReference; explicitFileType = wrapper.cfbundle; includeInIndex = 0; path = MediappUITests.xctest; sourceTree = BUILT_PRODUCTS_DIR; };
		FB4CD7C52D97509F00899B3A /* MediappUITests.swift */ = {isa = PBXFileReference; lastKnownFileType = sourcecode.swift; path = MediappUITests.swift; sourceTree = "<group>"; };
		FB4CD7C72D97509F00899B3A /* MediappUITestsLaunchTests.swift */ = {isa = PBXFileReference; lastKnownFileType = sourcecode.swift; path = MediappUITestsLaunchTests.swift; sourceTree = "<group>"; };
		FB4CD7D42D97510F00899B3A /* MedicationReminderView.swift */ = {isa = PBXFileReference; lastKnownFileType = sourcecode.swift; path = MedicationReminderView.swift; sourceTree = "<group>"; };
		FB4CD7D62D97650300899B3A /* NewAlarmView.swift */ = {isa = PBXFileReference; lastKnownFileType = sourcecode.swift; path = NewAlarmView.swift; sourceTree = "<group>"; };
		FB4CD7D82D97685F00899B3A /* Medico.swift */ = {isa = PBXFileReference; lastKnownFileType = sourcecode.swift; path = Medico.swift; sourceTree = "<group>"; };
		FB4CD7DA2D976BBF00899B3A /* Signos.swift */ = {isa = PBXFileReference; lastKnownFileType = sourcecode.swift; path = Signos.swift; sourceTree = "<group>"; };
/* End PBXFileReference section */

/* Begin PBXFrameworksBuildPhase section */
		FB4CD7A42D97509D00899B3A /* Frameworks */ = {
			isa = PBXFrameworksBuildPhase;
			buildActionMask = 2147483647;
			files = (
			);
			runOnlyForDeploymentPostprocessing = 0;
		};
		FB4CD7B42D97509F00899B3A /* Frameworks */ = {
			isa = PBXFrameworksBuildPhase;
			buildActionMask = 2147483647;
			files = (
			);
			runOnlyForDeploymentPostprocessing = 0;
		};
		FB4CD7BE2D97509F00899B3A /* Frameworks */ = {
			isa = PBXFrameworksBuildPhase;
			buildActionMask = 2147483647;
			files = (
			);
			runOnlyForDeploymentPostprocessing = 0;
		};
/* End PBXFrameworksBuildPhase section */

/* Begin PBXGroup section */
		FB4CD79E2D97509D00899B3A = {
			isa = PBXGroup;
			children = (
				FB4CD7A92D97509D00899B3A /* Mediapp */,
				FB4CD7BA2D97509F00899B3A /* MediappTests */,
				FB4CD7C42D97509F00899B3A /* MediappUITests */,
				FB4CD7A82D97509D00899B3A /* Products */,
			);
			sourceTree = "<group>";
		};
		FB4CD7A82D97509D00899B3A /* Products */ = {
			isa = PBXGroup;
			children = (
				FB4CD7A72D97509D00899B3A /* Mediapp.app */,
				FB4CD7B72D97509F00899B3A /* MediappTests.xctest */,
				FB4CD7C12D97509F00899B3A /* MediappUITests.xctest */,
			);
			name = Products;
			sourceTree = "<group>";
		};
		FB4CD7A92D97509D00899B3A /* Mediapp */ = {
			isa = PBXGroup;
			children = (
				FB4CD7AA2D97509D00899B3A /* MediappApp.swift */,
				FB4CD7AC2D97509D00899B3A /* ContentView.swift */,
				FB4CD7D42D97510F00899B3A /* MedicationReminderView.swift */,
				FB4CD7DA2D976BBF00899B3A /* Signos.swift */,
				FB4CD7D62D97650300899B3A /* NewAlarmView.swift */,
				FB4CD7D82D97685F00899B3A /* Medico.swift */,
				FB4CD7AE2D97509F00899B3A /* Assets.xcassets */,
				FB4CD7B02D97509F00899B3A /* Preview Content */,
			);
			path = Mediapp;
			sourceTree = "<group>";
		};
		FB4CD7B02D97509F00899B3A /* Preview Content */ = {
			isa = PBXGroup;
			children = (
				FB4CD7B12D97509F00899B3A /* Preview Assets.xcassets */,
			);
			path = "Preview Content";
			sourceTree = "<group>";
		};
		FB4CD7BA2D97509F00899B3A /* MediappTests */ = {
			isa = PBXGroup;
			children = (
				FB4CD7BB2D97509F00899B3A /* MediappTests.swift */,
			);
			path = MediappTests;
			sourceTree = "<group>";
		};
		FB4CD7C42D97509F00899B3A /* MediappUITests */ = {
			isa = PBXGroup;
			children = (
				FB4CD7C52D97509F00899B3A /* MediappUITests.swift */,
				FB4CD7C72D97509F00899B3A /* MediappUITestsLaunchTests.swift */,
			);
			path = MediappUITests;
			sourceTree = "<group>";
		};
/* End PBXGroup section */

/* Begin PBXNativeTarget section */
		FB4CD7A62D97509D00899B3A /* Mediapp */ = {
			isa = PBXNativeTarget;
			buildConfigurationList = FB4CD7CB2D97509F00899B3A /* Build configuration list for PBXNativeTarget "Mediapp" */;
			buildPhases = (
				FB4CD7A32D97509D00899B3A /* Sources */,
				FB4CD7A42D97509D00899B3A /* Frameworks */,
				FB4CD7A52D97509D00899B3A /* Resources */,
			);
			buildRules = (
			);
			dependencies = (
			);
			name = Mediapp;
			productName = Mediapp;
			productReference = FB4CD7A72D97509D00899B3A /* Mediapp.app */;
			productType = "com.apple.product-type.application";
		};
		FB4CD7B62D97509F00899B3A /* MediappTests */ = {
			isa = PBXNativeTarget;
			buildConfigurationList = FB4CD7CE2D97509F00899B3A /* Build configuration list for PBXNativeTarget "MediappTests" */;
			buildPhases = (
				FB4CD7B32D97509F00899B3A /* Sources */,
				FB4CD7B42D97509F00899B3A /* Frameworks */,
				FB4CD7B52D97509F00899B3A /* Resources */,
			);
			buildRules = (
			);
			dependencies = (
				FB4CD7B92D97509F00899B3A /* PBXTargetDependency */,
			);
			name = MediappTests;
			productName = MediappTests;
			productReference = FB4CD7B72D97509F00899B3A /* MediappTests.xctest */;
			productType = "com.apple.product-type.bundle.unit-test";
		};
		FB4CD7C02D97509F00899B3A /* MediappUITests */ = {
			isa = PBXNativeTarget;
			buildConfigurationList = FB4CD7D12D97509F00899B3A /* Build configuration list for PBXNativeTarget "MediappUITests" */;
			buildPhases = (
				FB4CD7BD2D97509F00899B3A /* Sources */,
				FB4CD7BE2D97509F00899B3A /* Frameworks */,
				FB4CD7BF2D97509F00899B3A /* Resources */,
			);
			buildRules = (
			);
			dependencies = (
				FB4CD7C32D97509F00899B3A /* PBXTargetDependency */,
			);
			name = MediappUITests;
			productName = MediappUITests;
			productReference = FB4CD7C12D97509F00899B3A /* MediappUITests.xctest */;
			productType = "com.apple.product-type.bundle.ui-testing";
		};
/* End PBXNativeTarget section */

/* Begin PBXProject section */
		FB4CD79F2D97509D00899B3A /* Project object */ = {
			isa = PBXProject;
			attributes = {
				BuildIndependentTargetsInParallel = 1;
				LastSwiftUpdateCheck = 1530;
				LastUpgradeCheck = 1530;
				TargetAttributes = {
					FB4CD7A62D97509D00899B3A = {
						CreatedOnToolsVersion = 15.3;
					};
					FB4CD7B62D97509F00899B3A = {
						CreatedOnToolsVersion = 15.3;
						TestTargetID = FB4CD7A62D97509D00899B3A;
					};
					FB4CD7C02D97509F00899B3A = {
						CreatedOnToolsVersion = 15.3;
						TestTargetID = FB4CD7A62D97509D00899B3A;
					};
				};
			};
			buildConfigurationList = FB4CD7A22D97509D00899B3A /* Build configuration list for PBXProject "Mediapp" */;
			compatibilityVersion = "Xcode 14.0";
			developmentRegion = en;
			hasScannedForEncodings = 0;
			knownRegions = (
				en,
				Base,
			);
			mainGroup = FB4CD79E2D97509D00899B3A;
			productRefGroup = FB4CD7A82D97509D00899B3A /* Products */;
			projectDirPath = "";
			projectRoot = "";
			targets = (
				FB4CD7A62D97509D00899B3A /* Mediapp */,
				FB4CD7B62D97509F00899B3A /* MediappTests */,
				FB4CD7C02D97509F00899B3A /* MediappUITests */,
			);
		};
/* End PBXProject section */

/* Begin PBXResourcesBuildPhase section */
		FB4CD7A52D97509D00899B3A /* Resources */ = {
			isa = PBXResourcesBuildPhase;
			buildActionMask = 2147483647;
			files = (
				FB4CD7B22D97509F00899B3A /* Preview Assets.xcassets in Resources */,
				FB4CD7AF2D97509F00899B3A /* Assets.xcassets in Resources */,
			);
			runOnlyForDeploymentPostprocessing = 0;
		};
		FB4CD7B52D97509F00899B3A /* Resources */ = {
			isa = PBXResourcesBuildPhase;
			buildActionMask = 2147483647;
			files = (
			);
			runOnlyForDeploymentPostprocessing = 0;
		};
		FB4CD7BF2D97509F00899B3A /* Resources */ = {
			isa = PBXResourcesBuildPhase;
			buildActionMask = 2147483647;
			files = (
			);
			runOnlyForDeploymentPostprocessing = 0;
		};
/* End PBXResourcesBuildPhase section */

/* Begin PBXSourcesBuildPhase section */
		FB4CD7A32D97509D00899B3A /* Sources */ = {
			isa = PBXSourcesBuildPhase;
			buildActionMask = 2147483647;
			files = (
				FB4CD7DB2D976BBF00899B3A /* Signos.swift in Sources */,
				FB4CD7D52D97510F00899B3A /* MedicationReminderView.swift in Sources */,
				FB4CD7AD2D97509D00899B3A /* ContentView.swift in Sources */,
				FB4CD7AB2D97509D00899B3A /* MediappApp.swift in Sources */,
				FB4CD7D72D97650300899B3A /* NewAlarmView.swift in Sources */,
				FB4CD7D92D97685F00899B3A /* Medico.swift in Sources */,
			);
			runOnlyForDeploymentPostprocessing = 0;
		};
		FB4CD7B32D97509F00899B3A /* Sources */ = {
			isa = PBXSourcesBuildPhase;
			buildActionMask = 2147483647;
			files = (
				FB4CD7BC2D97509F00899B3A /* MediappTests.swift in Sources */,
			);
			runOnlyForDeploymentPostprocessing = 0;
		};
		FB4CD7BD2D97509F00899B3A /* Sources */ = {
			isa = PBXSourcesBuildPhase;
			buildActionMask = 2147483647;
			files = (
				FB4CD7C62D97509F00899B3A /* MediappUITests.swift in Sources */,
				FB4CD7C82D97509F00899B3A /* MediappUITestsLaunchTests.swift in Sources */,
			);
			runOnlyForDeploymentPostprocessing = 0;
		};
/* End PBXSourcesBuildPhase section */

/* Begin PBXTargetDependency section */
		FB4CD7B92D97509F00899B3A /* PBXTargetDependency */ = {
			isa = PBXTargetDependency;
			target = FB4CD7A62D97509D00899B3A /* Mediapp */;
			targetProxy = FB4CD7B82D97509F00899B3A /* PBXContainerItemProxy */;
		};
		FB4CD7C32D97509F00899B3A /* PBXTargetDependency */ = {
			isa = PBXTargetDependency;
			target = FB4CD7A62D97509D00899B3A /* Mediapp */;
			targetProxy = FB4CD7C22D97509F00899B3A /* PBXContainerItemProxy */;
		};
/* End PBXTargetDependency section */

/* Begin XCBuildConfiguration section */
		FB4CD7C92D97509F00899B3A /* Debug */ = {
			isa = XCBuildConfiguration;
			buildSettings = {
				ALWAYS_SEARCH_USER_PATHS = NO;
				ASSETCATALOG_COMPILER_GENERATE_SWIFT_ASSET_SYMBOL_EXTENSIONS = YES;
				CLANG_ANALYZER_NONNULL = YES;
				CLANG_ANALYZER_NUMBER_OBJECT_CONVERSION = YES_AGGRESSIVE;
				CLANG_CXX_LANGUAGE_STANDARD = "gnu++20";
				CLANG_ENABLE_MODULES = YES;
				CLANG_ENABLE_OBJC_ARC = YES;
				CLANG_ENABLE_OBJC_WEAK = YES;
				CLANG_WARN_BLOCK_CAPTURE_AUTORELEASING = YES;
				CLANG_WARN_BOOL_CONVERSION = YES;
				CLANG_WARN_COMMA = YES;
				CLANG_WARN_CONSTANT_CONVERSION = YES;
				CLANG_WARN_DEPRECATED_OBJC_IMPLEMENTATIONS = YES;
				CLANG_WARN_DIRECT_OBJC_ISA_USAGE = YES_ERROR;
				CLANG_WARN_DOCUMENTATION_COMMENTS = YES;
				CLANG_WARN_EMPTY_BODY = YES;
				CLANG_WARN_ENUM_CONVERSION = YES;
				CLANG_WARN_INFINITE_RECURSION = YES;
				CLANG_WARN_INT_CONVERSION = YES;
				CLANG_WARN_NON_LITERAL_NULL_CONVERSION = YES;
				CLANG_WARN_OBJC_IMPLICIT_RETAIN_SELF = YES;
				CLANG_WARN_OBJC_LITERAL_CONVERSION = YES;
				CLANG_WARN_OBJC_ROOT_CLASS = YES_ERROR;
				CLANG_WARN_QUOTED_INCLUDE_IN_FRAMEWORK_HEADER = YES;
				CLANG_WARN_RANGE_LOOP_ANALYSIS = YES;
				CLANG_WARN_STRICT_PROTOTYPES = YES;
				CLANG_WARN_SUSPICIOUS_MOVE = YES;
				CLANG_WARN_UNGUARDED_AVAILABILITY = YES_AGGRESSIVE;
				CLANG_WARN_UNREACHABLE_CODE = YES;
				CLANG_WARN__DUPLICATE_METHOD_MATCH = YES;
				COPY_PHASE_STRIP = NO;
				DEBUG_INFORMATION_FORMAT = dwarf;
				ENABLE_STRICT_OBJC_MSGSEND = YES;
				ENABLE_TESTABILITY = YES;
				ENABLE_USER_SCRIPT_SANDBOXING = YES;
				GCC_C_LANGUAGE_STANDARD = gnu17;
				GCC_DYNAMIC_NO_PIC = NO;
				GCC_NO_COMMON_BLOCKS = YES;
				GCC_OPTIMIZATION_LEVEL = 0;
				GCC_PREPROCESSOR_DEFINITIONS = (
					"DEBUG=1",
					"$(inherited)",
				);
				GCC_WARN_64_TO_32_BIT_CONVERSION = YES;
				GCC_WARN_ABOUT_RETURN_TYPE = YES_ERROR;
				GCC_WARN_UNDECLARED_SELECTOR = YES;
				GCC_WARN_UNINITIALIZED_AUTOS = YES_AGGRESSIVE;
				GCC_WARN_UNUSED_FUNCTION = YES;
				GCC_WARN_UNUSED_VARIABLE = YES;
				IPHONEOS_DEPLOYMENT_TARGET = 17.4;
				LOCALIZATION_PREFERS_STRING_CATALOGS = YES;
				MTL_ENABLE_DEBUG_INFO = INCLUDE_SOURCE;
				MTL_FAST_MATH = YES;
				ONLY_ACTIVE_ARCH = YES;
				SDKROOT = iphoneos;
				SWIFT_ACTIVE_COMPILATION_CONDITIONS = "DEBUG $(inherited)";
				SWIFT_OPTIMIZATION_LEVEL = "-Onone";
			};
			name = Debug;
		};
		FB4CD7CA2D97509F00899B3A /* Release */ = {
			isa = XCBuildConfiguration;
			buildSettings = {
				ALWAYS_SEARCH_USER_PATHS = NO;
				ASSETCATALOG_COMPILER_GENERATE_SWIFT_ASSET_SYMBOL_EXTENSIONS = YES;
				CLANG_ANALYZER_NONNULL = YES;
				CLANG_ANALYZER_NUMBER_OBJECT_CONVERSION = YES_AGGRESSIVE;
				CLANG_CXX_LANGUAGE_STANDARD = "gnu++20";
				CLANG_ENABLE_MODULES = YES;
				CLANG_ENABLE_OBJC_ARC = YES;
				CLANG_ENABLE_OBJC_WEAK = YES;
				CLANG_WARN_BLOCK_CAPTURE_AUTORELEASING = YES;
				CLANG_WARN_BOOL_CONVERSION = YES;
				CLANG_WARN_COMMA = YES;
				CLANG_WARN_CONSTANT_CONVERSION = YES;
				CLANG_WARN_DEPRECATED_OBJC_IMPLEMENTATIONS = YES;
				CLANG_WARN_DIRECT_OBJC_ISA_USAGE = YES_ERROR;
				CLANG_WARN_DOCUMENTATION_COMMENTS = YES;
				CLANG_WARN_EMPTY_BODY = YES;
				CLANG_WARN_ENUM_CONVERSION = YES;
				CLANG_WARN_INFINITE_RECURSION = YES;
				CLANG_WARN_INT_CONVERSION = YES;
				CLANG_WARN_NON_LITERAL_NULL_CONVERSION = YES;
				CLANG_WARN_OBJC_IMPLICIT_RETAIN_SELF = YES;
				CLANG_WARN_OBJC_LITERAL_CONVERSION = YES;
				CLANG_WARN_OBJC_ROOT_CLASS = YES_ERROR;
				CLANG_WARN_QUOTED_INCLUDE_IN_FRAMEWORK_HEADER = YES;
				CLANG_WARN_RANGE_LOOP_ANALYSIS = YES;
				CLANG_WARN_STRICT_PROTOTYPES = YES;
				CLANG_WARN_SUSPICIOUS_MOVE = YES;
				CLANG_WARN_UNGUARDED_AVAILABILITY = YES_AGGRESSIVE;
				CLANG_WARN_UNREACHABLE_CODE = YES;
				CLANG_WARN__DUPLICATE_METHOD_MATCH = YES;
				COPY_PHASE_STRIP = NO;
				DEBUG_INFORMATION_FORMAT = "dwarf-with-dsym";
				ENABLE_NS_ASSERTIONS = NO;
				ENABLE_STRICT_OBJC_MSGSEND = YES;
				ENABLE_USER_SCRIPT_SANDBOXING = YES;
				GCC_C_LANGUAGE_STANDARD = gnu17;
				GCC_NO_COMMON_BLOCKS = YES;
				GCC_WARN_64_TO_32_BIT_CONVERSION = YES;
				GCC_WARN_ABOUT_RETURN_TYPE = YES_ERROR;
				GCC_WARN_UNDECLARED_SELECTOR = YES;
				GCC_WARN_UNINITIALIZED_AUTOS = YES_AGGRESSIVE;
				GCC_WARN_UNUSED_FUNCTION = YES;
				GCC_WARN_UNUSED_VARIABLE = YES;
				IPHONEOS_DEPLOYMENT_TARGET = 17.4;
				LOCALIZATION_PREFERS_STRING_CATALOGS = YES;
				MTL_ENABLE_DEBUG_INFO = NO;
				MTL_FAST_MATH = YES;
				SDKROOT = iphoneos;
				SWIFT_COMPILATION_MODE = wholemodule;
				VALIDATE_PRODUCT = YES;
			};
			name = Release;
		};
		FB4CD7CC2D97509F00899B3A /* Debug */ = {
			isa = XCBuildConfiguration;
			buildSettings = {
				ASSETCATALOG_COMPILER_APPICON_NAME = AppIcon;
				ASSETCATALOG_COMPILER_GLOBAL_ACCENT_COLOR_NAME = AccentColor;
				CODE_SIGN_STYLE = Automatic;
				CURRENT_PROJECT_VERSION = 1;
				DEVELOPMENT_ASSET_PATHS = "\"Mediapp/Preview Content\"";
				ENABLE_PREVIEWS = YES;
				GENERATE_INFOPLIST_FILE = YES;
				INFOPLIST_KEY_UIApplicationSceneManifest_Generation = YES;
				INFOPLIST_KEY_UIApplicationSupportsIndirectInputEvents = YES;
				INFOPLIST_KEY_UILaunchScreen_Generation = YES;
				INFOPLIST_KEY_UISupportedInterfaceOrientations_iPad = "UIInterfaceOrientationPortrait UIInterfaceOrientationPortraitUpsideDown UIInterfaceOrientationLandscapeLeft UIInterfaceOrientationLandscapeRight";
				INFOPLIST_KEY_UISupportedInterfaceOrientations_iPhone = "UIInterfaceOrientationPortrait UIInterfaceOrientationLandscapeLeft UIInterfaceOrientationLandscapeRight";
				LD_RUNPATH_SEARCH_PATHS = (
					"$(inherited)",
					"@executable_path/Frameworks",
				);
				MARKETING_VERSION = 1.0;
				PRODUCT_BUNDLE_IDENTIFIER = com.tecmilenio.Mediapp;
				PRODUCT_NAME = "$(TARGET_NAME)";
				SWIFT_EMIT_LOC_STRINGS = YES;
				SWIFT_VERSION = 5.0;
				TARGETED_DEVICE_FAMILY = "1,2";
			};
			name = Debug;
		};
		FB4CD7CD2D97509F00899B3A /* Release */ = {
			isa = XCBuildConfiguration;
			buildSettings = {
				ASSETCATALOG_COMPILER_APPICON_NAME = AppIcon;
				ASSETCATALOG_COMPILER_GLOBAL_ACCENT_COLOR_NAME = AccentColor;
				CODE_SIGN_STYLE = Automatic;
				CURRENT_PROJECT_VERSION = 1;
				DEVELOPMENT_ASSET_PATHS = "\"Mediapp/Preview Content\"";
				ENABLE_PREVIEWS = YES;
				GENERATE_INFOPLIST_FILE = YES;
				INFOPLIST_KEY_UIApplicationSceneManifest_Generation = YES;
				INFOPLIST_KEY_UIApplicationSupportsIndirectInputEvents = YES;
				INFOPLIST_KEY_UILaunchScreen_Generation = YES;
				INFOPLIST_KEY_UISupportedInterfaceOrientations_iPad = "UIInterfaceOrientationPortrait UIInterfaceOrientationPortraitUpsideDown UIInterfaceOrientationLandscapeLeft UIInterfaceOrientationLandscapeRight";
				INFOPLIST_KEY_UISupportedInterfaceOrientations_iPhone = "UIInterfaceOrientationPortrait UIInterfaceOrientationLandscapeLeft UIInterfaceOrientationLandscapeRight";
				LD_RUNPATH_SEARCH_PATHS = (
					"$(inherited)",
					"@executable_path/Frameworks",
				);
				MARKETING_VERSION = 1.0;
				PRODUCT_BUNDLE_IDENTIFIER = com.tecmilenio.Mediapp;
				PRODUCT_NAME = "$(TARGET_NAME)";
				SWIFT_EMIT_LOC_STRINGS = YES;
				SWIFT_VERSION = 5.0;
				TARGETED_DEVICE_FAMILY = "1,2";
			};
			name = Release;
		};
		FB4CD7CF2D97509F00899B3A /* Debug */ = {
			isa = XCBuildConfiguration;
			buildSettings = {
				ALWAYS_EMBED_SWIFT_STANDARD_LIBRARIES = YES;
				BUNDLE_LOADER = "$(TEST_HOST)";
				CODE_SIGN_STYLE = Automatic;
				CURRENT_PROJECT_VERSION = 1;
				GENERATE_INFOPLIST_FILE = YES;
				IPHONEOS_DEPLOYMENT_TARGET = 17.4;
				MARKETING_VERSION = 1.0;
				PRODUCT_BUNDLE_IDENTIFIER = com.tecmilenio.MediappTests;
				PRODUCT_NAME = "$(TARGET_NAME)";
				SWIFT_EMIT_LOC_STRINGS = NO;
				SWIFT_VERSION = 5.0;
				TARGETED_DEVICE_FAMILY = "1,2";
				TEST_HOST = "$(BUILT_PRODUCTS_DIR)/Mediapp.app/$(BUNDLE_EXECUTABLE_FOLDER_PATH)/Mediapp";
			};
			name = Debug;
		};
		FB4CD7D02D97509F00899B3A /* Release */ = {
			isa = XCBuildConfiguration;
			buildSettings = {
				ALWAYS_EMBED_SWIFT_STANDARD_LIBRARIES = YES;
				BUNDLE_LOADER = "$(TEST_HOST)";
				CODE_SIGN_STYLE = Automatic;
				CURRENT_PROJECT_VERSION = 1;
				GENERATE_INFOPLIST_FILE = YES;
				IPHONEOS_DEPLOYMENT_TARGET = 17.4;
				MARKETING_VERSION = 1.0;
				PRODUCT_BUNDLE_IDENTIFIER = com.tecmilenio.MediappTests;
				PRODUCT_NAME = "$(TARGET_NAME)";
				SWIFT_EMIT_LOC_STRINGS = NO;
				SWIFT_VERSION = 5.0;
				TARGETED_DEVICE_FAMILY = "1,2";
				TEST_HOST = "$(BUILT_PRODUCTS_DIR)/Mediapp.app/$(BUNDLE_EXECUTABLE_FOLDER_PATH)/Mediapp";
			};
			name = Release;
		};
		FB4CD7D22D97509F00899B3A /* Debug */ = {
			isa = XCBuildConfiguration;
			buildSettings = {
				ALWAYS_EMBED_SWIFT_STANDARD_LIBRARIES = YES;
				CODE_SIGN_STYLE = Automatic;
				CURRENT_PROJECT_VERSION = 1;
				GENERATE_INFOPLIST_FILE = YES;
				MARKETING_VERSION = 1.0;
				PRODUCT_BUNDLE_IDENTIFIER = com.tecmilenio.MediappUITests;
				PRODUCT_NAME = "$(TARGET_NAME)";
				SWIFT_EMIT_LOC_STRINGS = NO;
				SWIFT_VERSION = 5.0;
				TARGETED_DEVICE_FAMILY = "1,2";
				TEST_TARGET_NAME = Mediapp;
			};
			name = Debug;
		};
		FB4CD7D32D97509F00899B3A /* Release */ = {
			isa = XCBuildConfiguration;
			buildSettings = {
				ALWAYS_EMBED_SWIFT_STANDARD_LIBRARIES = YES;
				CODE_SIGN_STYLE = Automatic;
				CURRENT_PROJECT_VERSION = 1;
				GENERATE_INFOPLIST_FILE = YES;
				MARKETING_VERSION = 1.0;
				PRODUCT_BUNDLE_IDENTIFIER = com.tecmilenio.MediappUITests;
				PRODUCT_NAME = "$(TARGET_NAME)";
				SWIFT_EMIT_LOC_STRINGS = NO;
				SWIFT_VERSION = 5.0;
				TARGETED_DEVICE_FAMILY = "1,2";
				TEST_TARGET_NAME = Mediapp;
			};
			name = Release;
		};
/* End XCBuildConfiguration section */

/* Begin XCConfigurationList section */
		FB4CD7A22D97509D00899B3A /* Build configuration list for PBXProject "Mediapp" */ = {
			isa = XCConfigurationList;
			buildConfigurations = (
				FB4CD7C92D97509F00899B3A /* Debug */,
				FB4CD7CA2D97509F00899B3A /* Release */,
			);
			defaultConfigurationIsVisible = 0;
			defaultConfigurationName = Release;
		};
		FB4CD7CB2D97509F00899B3A /* Build configuration list for PBXNativeTarget "Mediapp" */ = {
			isa = XCConfigurationList;
			buildConfigurations = (
				FB4CD7CC2D97509F00899B3A /* Debug */,
				FB4CD7CD2D97509F00899B3A /* Release */,
			);
			defaultConfigurationIsVisible = 0;
			defaultConfigurationName = Release;
		};
		FB4CD7CE2D97509F00899B3A /* Build configuration list for PBXNativeTarget "MediappTests" */ = {
			isa = XCConfigurationList;
			buildConfigurations = (
				FB4CD7CF2D97509F00899B3A /* Debug */,
				FB4CD7D02D97509F00899B3A /* Release */,
			);
			defaultConfigurationIsVisible = 0;
			defaultConfigurationName = Release;
		};
		FB4CD7D12D97509F00899B3A /* Build configuration list for PBXNativeTarget "MediappUITests" */ = {
			isa = XCConfigurationList;
			buildConfigurations = (
				FB4CD7D22D97509F00899B3A /* Debug */,
				FB4CD7D32D97509F00899B3A /* Release */,
			);
			defaultConfigurationIsVisible = 0;
			defaultConfigurationName = Release;
		};
/* End XCConfigurationList section */
	};
	rootObject = FB4CD79F2D97509D00899B3A /* Project object */;
}
